
Microsoft Visual Studio Solution File, Format Version 12.00
# Visual Studio Version 16
VisualStudioVersion = 16.0.33801.447
MinimumVisualStudioVersion = 10.0.40219.1
Project("{FAE04EC0-301F-11D3-BF4B-00C04F79EFBC}") = "WEEK_1", "WEEK_1\WEEK_1.csproj", "{2845D270-BC59-4BBF-877D-3E0BC1F36367}"
EndProject
Project("{FAE04EC0-301F-11D3-BF4B-00C04F79EFBC}") = "WEEK_2", "..\WEEK_2\WEEK_2.csproj", "{C46EE257-94FB-4B65-892A-63CCA0D86390}"
EndProject
Project("{FAE04EC0-301F-11D3-BF4B-00C04F79EFBC}") = "WEEK_3", "..\WEEK_3\WEEK_3.csproj", "{6E104513-56AB-48F7-83FF-7DFC2770440A}"
EndProject
Project("{FAE04EC0-301F-11D3-BF4B-00C04F79EFBC}") = "WEEK_5", "..\WEEK_5\WEEK_5.csproj", "{804BA827-0EEF-4C67-9DC3-2EEACB74CEB3}"
EndProject
Project("{FAE04EC0-301F-11D3-BF4B-00C04F79EFBC}") = "WEEK_6_Client", "..\WEEK_6\WEEK_6_Client.csproj", "{C0673A65-A50E-4476-9C70-8CD7C1FD8B35}"
EndProject
Project("{FAE04EC0-301F-11D3-BF4B-00C04F79EFBC}") = "WEEK_6_Server", "..\WEEK_6_Server\WEEK_6_Server.csproj", "{9EB50435-8A45-4C55-8EF9-93D7FCFD71F1}"
EndProject
Global
	GlobalSection(SolutionConfigurationPlatforms) = preSolution
		Debug|Any CPU = Debug|Any CPU
		Release|Any CPU = Release|Any CPU
	EndGlobalSection
	GlobalSection(ProjectConfigurationPlatforms) = postSolution
		{2845D270-BC59-4BBF-877D-3E0BC1F36367}.Debug|Any CPU.ActiveCfg = Debug|Any CPU
		{2845D270-BC59-4BBF-877D-3E0BC1F36367}.Debug|Any CPU.Build.0 = Debug|Any CPU
		{2845D270-BC59-4BBF-877D-3E0BC1F36367}.Release|Any CPU.ActiveCfg = Release|Any CPU
		{2845D270-BC59-4BBF-877D-3E0BC1F36367}.Release|Any CPU.Build.0 = Release|Any CPU
		{C46EE257-94FB-4B65-892A-63CCA0D86390}.Debug|Any CPU.ActiveCfg = Debug|Any CPU
		{C46EE257-94FB-4B65-892A-63CCA0D86390}.Debug|Any CPU.Build.0 = Debug|Any CPU
		{C46EE257-94FB-4B65-892A-63CCA0D86390}.Release|Any CPU.ActiveCfg = Release|Any CPU
		{C46EE257-94FB-4B65-892A-63CCA0D86390}.Release|Any CPU.Build.0 = Release|Any CPU
		{6E104513-56AB-48F7-83FF-7DFC2770440A}.Debug|Any CPU.ActiveCfg = Debug|Any CPU
		{6E104513-56AB-48F7-83FF-7DFC2770440A}.Debug|Any CPU.Build.0 = Debug|Any CPU
		{6E104513-56AB-48F7-83FF-7DFC2770440A}.Release|Any CPU.ActiveCfg = Release|Any CPU
		{6E104513-56AB-48F7-83FF-7DFC2770440A}.Release|Any CPU.Build.0 = Release|Any CPU
		{804BA827-0EEF-4C67-9DC3-2EEACB74CEB3}.Debug|Any CPU.ActiveCfg = Debug|Any CPU
		{804BA827-0EEF-4C67-9DC3-2EEACB74CEB3}.Debug|Any CPU.Build.0 = Debug|Any CPU
		{804BA827-0EEF-4C67-9DC3-2EEACB74CEB3}.Release|Any CPU.ActiveCfg = Release|Any CPU
		{804BA827-0EEF-4C67-9DC3-2EEACB74CEB3}.Release|Any CPU.Build.0 = Release|Any CPU
		{C0673A65-A50E-4476-9C70-8CD7C1FD8B35}.Debug|Any CPU.ActiveCfg = Debug|Any CPU
		{C0673A65-A50E-4476-9C70-8CD7C1FD8B35}.Debug|Any CPU.Build.0 = Debug|Any CPU
		{C0673A65-A50E-4476-9C70-8CD7C1FD8B35}.Release|Any CPU.ActiveCfg = Release|Any CPU
		{C0673A65-A50E-4476-9C70-8CD7C1FD8B35}.Release|Any CPU.Build.0 = Release|Any CPU
		{9EB50435-8A45-4C55-8EF9-93D7FCFD71F1}.Debug|Any CPU.ActiveCfg = Debug|Any CPU
		{9EB50435-8A45-4C55-8EF9-93D7FCFD71F1}.Debug|Any CPU.Build.0 = Debug|Any CPU
		{9EB50435-8A45-4C55-8EF9-93D7FCFD71F1}.Release|Any CPU.ActiveCfg = Release|Any CPU
		{9EB50435-8A45-4C55-8EF9-93D7FCFD71F1}.Release|Any CPU.Build.0 = Release|Any CPU
	EndGlobalSection
	GlobalSection(SolutionProperties) = preSolution
		HideSolutionNode = FALSE
	EndGlobalSection
	GlobalSection(ExtensibilityGlobals) = postSolution
		SolutionGuid = {EF29108B-41C9-495D-B7FB-7476DC72E250}
	EndGlobalSection
EndGlobal
